// !$*UTF8*$!
{
	archiveVersion = 1;
	classes = {
	};
	objectVersion = 51;
	objects = {

/* Begin PBXBuildFile section */
		2F87C564C325013E03ECED9D /* Pods_ToDoListRealm.framework in Frameworks */ = {isa = PBXBuildFile; fileRef = 9145B6989B22429CF4BF5E6C /* Pods_ToDoListRealm.framework */; };
		5D626A1226DA62190022495B /* AppDelegate.swift in Sources */ = {isa = PBXBuildFile; fileRef = 5D626A1126DA62190022495B /* AppDelegate.swift */; };
		5D626A1426DA62190022495B /* SceneDelegate.swift in Sources */ = {isa = PBXBuildFile; fileRef = 5D626A1326DA62190022495B /* SceneDelegate.swift */; };
		5D626A1926DA62190022495B /* Main.storyboard in Resources */ = {isa = PBXBuildFile; fileRef = 5D626A1726DA62190022495B /* Main.storyboard */; };
		5D626A1B26DA621A0022495B /* Assets.xcassets in Resources */ = {isa = PBXBuildFile; fileRef = 5D626A1A26DA621A0022495B /* Assets.xcassets */; };
		5D626A1E26DA621A0022495B /* LaunchScreen.storyboard in Resources */ = {isa = PBXBuildFile; fileRef = 5D626A1C26DA621A0022495B /* LaunchScreen.storyboard */; };
		5D626A2626DA68860022495B /* TasksTableViewController.swift in Sources */ = {isa = PBXBuildFile; fileRef = 5D626A2526DA68860022495B /* TasksTableViewController.swift */; };
		5D626A2826DA6B390022495B /* MainTaskViewController.swift in Sources */ = {isa = PBXBuildFile; fileRef = 5D626A2726DA6B390022495B /* MainTaskViewController.swift */; };
		5D626A2A26DA90260022495B /* Model.swift in Sources */ = {isa = PBXBuildFile; fileRef = 5D626A2926DA90260022495B /* Model.swift */; };
		5D626A2C26DA9BC70022495B /* StorageManager.swift in Sources */ = {isa = PBXBuildFile; fileRef = 5D626A2B26DA9BC70022495B /* StorageManager.swift */; };
		5D626A2E26DCD70C0022495B /* AlertController.swift in Sources */ = {isa = PBXBuildFile; fileRef = 5D626A2D26DCD70C0022495B /* AlertController.swift */; };
		5D626A3026DD1D860022495B /* Extention + UITableViewCell.swift in Sources */ = {isa = PBXBuildFile; fileRef = 5D626A2F26DD1D860022495B /* Extention + UITableViewCell.swift */; };
/* End PBXBuildFile section */

/* Begin PBXFileReference section */
		5D626A0E26DA62190022495B /* ToDoListRealm.app */ = {isa = PBXFileReference; explicitFileType = wrapper.application; includeInIndex = 0; path = ToDoListRealm.app; sourceTree = BUILT_PRODUCTS_DIR; };
		5D626A1126DA62190022495B /* AppDelegate.swift */ = {isa = PBXFileReference; lastKnownFileType = sourcecode.swift; path = AppDelegate.swift; sourceTree = "<group>"; };
		5D626A1326DA62190022495B /* SceneDelegate.swift */ = {isa = PBXFileReference; lastKnownFileType = sourcecode.swift; path = SceneDelegate.swift; sourceTree = "<group>"; };
		5D626A1826DA62190022495B /* Base */ = {isa = PBXFileReference; lastKnownFileType = file.storyboard; name = Base; path = Base.lproj/Main.storyboard; sourceTree = "<group>"; };
		5D626A1A26DA621A0022495B /* Assets.xcassets */ = {isa = PBXFileReference; lastKnownFileType = folder.assetcatalog; path = Assets.xcassets; sourceTree = "<group>"; };
		5D626A1D26DA621A0022495B /* Base */ = {isa = PBXFileReference; lastKnownFileType = file.storyboard; name = Base; path = Base.lproj/LaunchScreen.storyboard; sourceTree = "<group>"; };
		5D626A1F26DA621A0022495B /* Info.plist */ = {isa = PBXFileReference; lastKnownFileType = text.plist.xml; path = Info.plist; sourceTree = "<group>"; };
		5D626A2526DA68860022495B /* TasksTableViewController.swift */ = {isa = PBXFileReference; lastKnownFileType = sourcecode.swift; path = TasksTableViewController.swift; sourceTree = "<group>"; };
		5D626A2726DA6B390022495B /* MainTaskViewController.swift */ = {isa = PBXFileReference; lastKnownFileType = sourcecode.swift; path = MainTaskViewController.swift; sourceTree = "<group>"; };
		5D626A2926DA90260022495B /* Model.swift */ = {isa = PBXFileReference; lastKnownFileType = sourcecode.swift; path = Model.swift; sourceTree = "<group>"; };
		5D626A2B26DA9BC70022495B /* StorageManager.swift */ = {isa = PBXFileReference; lastKnownFileType = sourcecode.swift; path = StorageManager.swift; sourceTree = "<group>"; };
		5D626A2D26DCD70C0022495B /* AlertController.swift */ = {isa = PBXFileReference; lastKnownFileType = sourcecode.swift; path = AlertController.swift; sourceTree = "<group>"; };
		5D626A2F26DD1D860022495B /* Extention + UITableViewCell.swift */ = {isa = PBXFileReference; lastKnownFileType = sourcecode.swift; path = "Extention + UITableViewCell.swift"; sourceTree = "<group>"; };
		608D65469930B3655F872812 /* Pods-ToDoListRealm.release.xcconfig */ = {isa = PBXFileReference; includeInIndex = 1; lastKnownFileType = text.xcconfig; name = "Pods-ToDoListRealm.release.xcconfig"; path = "Target Support Files/Pods-ToDoListRealm/Pods-ToDoListRealm.release.xcconfig"; sourceTree = "<group>"; };
		9145B6989B22429CF4BF5E6C /* Pods_ToDoListRealm.framework */ = {isa = PBXFileReference; explicitFileType = wrapper.framework; includeInIndex = 0; path = Pods_ToDoListRealm.framework; sourceTree = BUILT_PRODUCTS_DIR; };
		A640A0117E5684877E316317 /* Pods-ToDoListRealm.debug.xcconfig */ = {isa = PBXFileReference; includeInIndex = 1; lastKnownFileType = text.xcconfig; name = "Pods-ToDoListRealm.debug.xcconfig"; path = "Target Support Files/Pods-ToDoListRealm/Pods-ToDoListRealm.debug.xcconfig"; sourceTree = "<group>"; };
/* End PBXFileReference section */

/* Begin PBXFrameworksBuildPhase section */
		5D626A0B26DA62190022495B /* Frameworks */ = {
			isa = PBXFrameworksBuildPhase;
			buildActionMask = 2147483647;
			files = (
				2F87C564C325013E03ECED9D /* Pods_ToDoListRealm.framework in Frameworks */,
			);
			runOnlyForDeploymentPostprocessing = 0;
		};
/* End PBXFrameworksBuildPhase section */

/* Begin PBXGroup section */
		5D626A0526DA62190022495B = {
			isa = PBXGroup;
			children = (
				5D626A1026DA62190022495B /* ToDoListRealm */,
				5D626A0F26DA62190022495B /* Products */,
				EC4A095DC36267ADEDAFDDFD /* Pods */,
				A9EFE9ED2C3B89A5B46DD83C /* Frameworks */,
			);
			sourceTree = "<group>";
		};
		5D626A0F26DA62190022495B /* Products */ = {
			isa = PBXGroup;
			children = (
				5D626A0E26DA62190022495B /* ToDoListRealm.app */,
			);
			name = Products;
			sourceTree = "<group>";
		};
		5D626A1026DA62190022495B /* ToDoListRealm */ = {
			isa = PBXGroup;
			children = (
				5D626A1126DA62190022495B /* AppDelegate.swift */,
				5D626A1326DA62190022495B /* SceneDelegate.swift */,
				5D626A2726DA6B390022495B /* MainTaskViewController.swift */,
				5D626A2F26DD1D860022495B /* Extention + UITableViewCell.swift */,
				5D626A2526DA68860022495B /* TasksTableViewController.swift */,
				5D626A2B26DA9BC70022495B /* StorageManager.swift */,
				5D626A2926DA90260022495B /* Model.swift */,
				5D626A2D26DCD70C0022495B /* AlertController.swift */,
				5D626A1726DA62190022495B /* Main.storyboard */,
				5D626A1A26DA621A0022495B /* Assets.xcassets */,
				5D626A1C26DA621A0022495B /* LaunchScreen.storyboard */,
				5D626A1F26DA621A0022495B /* Info.plist */,
			);
			path = ToDoListRealm;
			sourceTree = "<group>";
		};
		A9EFE9ED2C3B89A5B46DD83C /* Frameworks */ = {
			isa = PBXGroup;
			children = (
				9145B6989B22429CF4BF5E6C /* Pods_ToDoListRealm.framework */,
			);
			name = Frameworks;
			sourceTree = "<group>";
		};
		EC4A095DC36267ADEDAFDDFD /* Pods */ = {
			isa = PBXGroup;
			children = (
				A640A0117E5684877E316317 /* Pods-ToDoListRealm.debug.xcconfig */,
				608D65469930B3655F872812 /* Pods-ToDoListRealm.release.xcconfig */,
			);
			path = Pods;
			sourceTree = "<group>";
		};
/* End PBXGroup section */

/* Begin PBXNativeTarget section */
		5D626A0D26DA62190022495B /* ToDoListRealm */ = {
			isa = PBXNativeTarget;
			buildConfigurationList = 5D626A2226DA621A0022495B /* Build configuration list for PBXNativeTarget "ToDoListRealm" */;
			buildPhases = (
				729B662F189BA8C2C51A9B78 /* [CP] Check Pods Manifest.lock */,
				5D626A0A26DA62190022495B /* Sources */,
				5D626A0B26DA62190022495B /* Frameworks */,
				5D626A0C26DA62190022495B /* Resources */,
				7A3D59BD9AE2A292C7FCA528 /* [CP] Embed Pods Frameworks */,
			);
			buildRules = (
			);
			dependencies = (
			);
			name = ToDoListRealm;
			productName = ToDoListRealm;
			productReference = 5D626A0E26DA62190022495B /* ToDoListRealm.app */;
			productType = "com.apple.product-type.application";
		};
/* End PBXNativeTarget section */

/* Begin PBXProject section */
		5D626A0626DA62190022495B /* Project object */ = {
			isa = PBXProject;
			attributes = {
				LastSwiftUpdateCheck = 1250;
				LastUpgradeCheck = 1250;
				TargetAttributes = {
					5D626A0D26DA62190022495B = {
						CreatedOnToolsVersion = 12.5.1;
					};
				};
			};
			buildConfigurationList = 5D626A0926DA62190022495B /* Build configuration list for PBXProject "ToDoListRealm" */;
			compatibilityVersion = "Xcode 9.3";
			developmentRegion = en;
			hasScannedForEncodings = 0;
			knownRegions = (
				en,
				Base,
			);
			mainGroup = 5D626A0526DA62190022495B;
			productRefGroup = 5D626A0F26DA62190022495B /* Products */;
			projectDirPath = "";
			projectRoot = "";
			targets = (
				5D626A0D26DA62190022495B /* ToDoListRealm */,
			);
		};
/* End PBXProject section */

/* Begin PBXResourcesBuildPhase section */
		5D626A0C26DA62190022495B /* Resources */ = {
			isa = PBXResourcesBuildPhase;
			buildActionMask = 2147483647;
			files = (
				5D626A1E26DA621A0022495B /* LaunchScreen.storyboard in Resources */,
				5D626A1B26DA621A0022495B /* Assets.xcassets in Resources */,
				5D626A1926DA62190022495B /* Main.storyboard in Resources */,
			);
			runOnlyForDeploymentPostprocessing = 0;
		};
/* End PBXResourcesBuildPhase section */

/* Begin PBXShellScriptBuildPhase section */
		729B662F189BA8C2C51A9B78 /* [CP] Check Pods Manifest.lock */ = {
			isa = PBXShellScriptBuildPhase;
			buildActionMask = 2147483647;
			files = (
			);
			inputFileListPaths = (
			);
			inputPaths = (
				"${PODS_PODFILE_DIR_PATH}/Podfile.lock",
				"${PODS_ROOT}/Manifest.lock",
			);
			name = "[CP] Check Pods Manifest.lock";
			outputFileListPaths = (
			);
			outputPaths = (
				"$(DERIVED_FILE_DIR)/Pods-ToDoListRealm-checkManifestLockResult.txt",
			);
			runOnlyForDeploymentPostprocessing = 0;
			shellPath = /bin/sh;
			shellScript = "diff \"${PODS_PODFILE_DIR_PATH}/Podfile.lock\" \"${PODS_ROOT}/Manifest.lock\" > /dev/null\nif [ $? != 0 ] ; then\n    # print error to STDERR\n    echo \"error: The sandbox is not in sync with the Podfile.lock. Run 'pod install' or update your CocoaPods installation.\" >&2\n    exit 1\nfi\n# This output is used by Xcode 'outputs' to avoid re-running this script phase.\necho \"SUCCESS\" > \"${SCRIPT_OUTPUT_FILE_0}\"\n";
			showEnvVarsInLog = 0;
		};
		7A3D59BD9AE2A292C7FCA528 /* [CP] Embed Pods Frameworks */ = {
			isa = PBXShellScriptBuildPhase;
			buildActionMask = 2147483647;
			files = (
			);
			inputFileListPaths = (
				"${PODS_ROOT}/Target Support Files/Pods-ToDoListRealm/Pods-ToDoListRealm-frameworks-${CONFIGURATION}-input-files.xcfilelist",
			);
			name = "[CP] Embed Pods Frameworks";
			outputFileListPaths = (
				"${PODS_ROOT}/Target Support Files/Pods-ToDoListRealm/Pods-ToDoListRealm-frameworks-${CONFIGURATION}-output-files.xcfilelist",
			);
			runOnlyForDeploymentPostprocessing = 0;
			shellPath = /bin/sh;
			shellScript = "\"${PODS_ROOT}/Target Support Files/Pods-ToDoListRealm/Pods-ToDoListRealm-frameworks.sh\"\n";
			showEnvVarsInLog = 0;
		};
/* End PBXShellScriptBuildPhase section */

/* Begin PBXSourcesBuildPhase section */
		5D626A0A26DA62190022495B /* Sources */ = {
			isa = PBXSourcesBuildPhase;
			buildActionMask = 2147483647;
			files = (
				5D626A2A26DA90260022495B /* Model.swift in Sources */,
				5D626A1226DA62190022495B /* AppDelegate.swift in Sources */,
				5D626A3026DD1D860022495B /* Extention + UITableViewCell.swift in Sources */,
				5D626A2626DA68860022495B /* TasksTableViewController.swift in Sources */,
				5D626A2C26DA9BC70022495B /* StorageManager.swift in Sources */,
				5D626A2E26DCD70C0022495B /* AlertController.swift in Sources */,
				5D626A2826DA6B390022495B /* MainTaskViewController.swift in Sources */,
				5D626A1426DA62190022495B /* SceneDelegate.swift in Sources */,
			);
			runOnlyForDeploymentPostprocessing = 0;
		};
/* End PBXSourcesBuildPhase section */

/* Begin PBXVariantGroup section */
		5D626A1726DA62190022495B /* Main.storyboard */ = {
			isa = PBXVariantGroup;
			children = (
				5D626A1826DA62190022495B /* Base */,
			);
			name = Main.storyboard;
			sourceTree = "<group>";
		};
		5D626A1C26DA621A0022495B /* LaunchScreen.storyboard */ = {
			isa = PBXVariantGroup;
			children = (
				5D626A1D26DA621A0022495B /* Base */,
			);
			name = LaunchScreen.storyboard;
			sourceTree = "<group>";
		};
/* End PBXVariantGroup section */

/* Begin XCBuildConfiguration section */
		5D626A2026DA621A0022495B /* Debug */ = {
			isa = XCBuildConfiguration;
			buildSettings = {
				ALWAYS_SEARCH_USER_PATHS = NO;
				CLANG_ANALYZER_NONNULL = YES;
				CLANG_ANALYZER_NUMBER_OBJECT_CONVERSION = YES_AGGRESSIVE;
				CLANG_CXX_LANGUAGE_STANDARD = "gnu++14";
				CLANG_CXX_LIBRARY = "libc++";
				CLANG_ENABLE_MODULES = YES;
				CLANG_ENABLE_OBJC_ARC = YES;
				CLANG_ENABLE_OBJC_WEAK = YES;
				CLANG_WARN_BLOCK_CAPTURE_AUTORELEASING = YES;
				CLANG_WARN_BOOL_CONVERSION = YES;
				CLANG_WARN_COMMA = YES;
				CLANG_WARN_CONSTANT_CONVERSION = YES;
				CLANG_WARN_DEPRECATED_OBJC_IMPLEMENTATIONS = YES;
				CLANG_WARN_DIRECT_OBJC_ISA_USAGE = YES_ERROR;
				CLANG_WARN_DOCUMENTATION_COMMENTS = YES;
				CLANG_WARN_EMPTY_BODY = YES;
				CLANG_WARN_ENUM_CONVERSION = YES;
				CLANG_WARN_INFINITE_RECURSION = YES;
				CLANG_WARN_INT_CONVERSION = YES;
				CLANG_WARN_NON_LITERAL_NULL_CONVERSION = YES;
				CLANG_WARN_OBJC_IMPLICIT_RETAIN_SELF = YES;
				CLANG_WARN_OBJC_LITERAL_CONVERSION = YES;
				CLANG_WARN_OBJC_ROOT_CLASS = YES_ERROR;
				CLANG_WARN_QUOTED_INCLUDE_IN_FRAMEWORK_HEADER = YES;
				CLANG_WARN_RANGE_LOOP_ANALYSIS = YES;
				CLANG_WARN_STRICT_PROTOTYPES = YES;
				CLANG_WARN_SUSPICIOUS_MOVE = YES;
				CLANG_WARN_UNGUARDED_AVAILABILITY = YES_AGGRESSIVE;
				CLANG_WARN_UNREACHABLE_CODE = YES;
				CLANG_WARN__DUPLICATE_METHOD_MATCH = YES;
				COPY_PHASE_STRIP = NO;
				DEBUG_INFORMATION_FORMAT = dwarf;
				ENABLE_STRICT_OBJC_MSGSEND = YES;
				ENABLE_TESTABILITY = YES;
				GCC_C_LANGUAGE_STANDARD = gnu11;
				GCC_DYNAMIC_NO_PIC = NO;
				GCC_NO_COMMON_BLOCKS = YES;
				GCC_OPTIMIZATION_LEVEL = 0;
				GCC_PREPROCESSOR_DEFINITIONS = (
					"DEBUG=1",
					"$(inherited)",
				);
				GCC_WARN_64_TO_32_BIT_CONVERSION = YES;
				GCC_WARN_ABOUT_RETURN_TYPE = YES_ERROR;
				GCC_WARN_UNDECLARED_SELECTOR = YES;
				GCC_WARN_UNINITIALIZED_AUTOS = YES_AGGRESSIVE;
				GCC_WARN_UNUSED_FUNCTION = YES;
				GCC_WARN_UNUSED_VARIABLE = YES;
				IPHONEOS_DEPLOYMENT_TARGET = 14.5;
				MTL_ENABLE_DEBUG_INFO = INCLUDE_SOURCE;
				MTL_FAST_MATH = YES;
				ONLY_ACTIVE_ARCH = YES;
				SDKROOT = iphoneos;
				SWIFT_ACTIVE_COMPILATION_CONDITIONS = DEBUG;
				SWIFT_OPTIMIZATION_LEVEL = "-Onone";
			};
			name = Debug;
		};
		5D626A2126DA621A0022495B /* Release */ = {
			isa = XCBuildConfiguration;
			buildSettings = {
				ALWAYS_SEARCH_USER_PATHS = NO;
				CLANG_ANALYZER_NONNULL = YES;
				CLANG_ANALYZER_NUMBER_OBJECT_CONVERSION = YES_AGGRESSIVE;
				CLANG_CXX_LANGUAGE_STANDARD = "gnu++14";
				CLANG_CXX_LIBRARY = "libc++";
				CLANG_ENABLE_MODULES = YES;
				CLANG_ENABLE_OBJC_ARC = YES;
				CLANG_ENABLE_OBJC_WEAK = YES;
				CLANG_WARN_BLOCK_CAPTURE_AUTORELEASING = YES;
				CLANG_WARN_BOOL_CONVERSION = YES;
				CLANG_WARN_COMMA = YES;
				CLANG_WARN_CONSTANT_CONVERSION = YES;
				CLANG_WARN_DEPRECATED_OBJC_IMPLEMENTATIONS = YES;
				CLANG_WARN_DIRECT_OBJC_ISA_USAGE = YES_ERROR;
				CLANG_WARN_DOCUMENTATION_COMMENTS = YES;
				CLANG_WARN_EMPTY_BODY = YES;
				CLANG_WARN_ENUM_CONVERSION = YES;
				CLANG_WARN_INFINITE_RECURSION = YES;
				CLANG_WARN_INT_CONVERSION = YES;
				CLANG_WARN_NON_LITERAL_NULL_CONVERSION = YES;
				CLANG_WARN_OBJC_IMPLICIT_RETAIN_SELF = YES;
				CLANG_WARN_OBJC_LITERAL_CONVERSION = YES;
				CLANG_WARN_OBJC_ROOT_CLASS = YES_ERROR;
				CLANG_WARN_QUOTED_INCLUDE_IN_FRAMEWORK_HEADER = YES;
				CLANG_WARN_RANGE_LOOP_ANALYSIS = YES;
				CLANG_WARN_STRICT_PROTOTYPES = YES;
				CLANG_WARN_SUSPICIOUS_MOVE = YES;
				CLANG_WARN_UNGUARDED_AVAILABILITY = YES_AGGRESSIVE;
				CLANG_WARN_UNREACHABLE_CODE = YES;
				CLANG_WARN__DUPLICATE_METHOD_MATCH = YES;
				COPY_PHASE_STRIP = NO;
				DEBUG_INFORMATION_FORMAT = "dwarf-with-dsym";
				ENABLE_NS_ASSERTIONS = NO;
				ENABLE_STRICT_OBJC_MSGSEND = YES;
				GCC_C_LANGUAGE_STANDARD = gnu11;
				GCC_NO_COMMON_BLOCKS = YES;
				GCC_WARN_64_TO_32_BIT_CONVERSION = YES;
				GCC_WARN_ABOUT_RETURN_TYPE = YES_ERROR;
				GCC_WARN_UNDECLARED_SELECTOR = YES;
				GCC_WARN_UNINITIALIZED_AUTOS = YES_AGGRESSIVE;
				GCC_WARN_UNUSED_FUNCTION = YES;
				GCC_WARN_UNUSED_VARIABLE = YES;
				IPHONEOS_DEPLOYMENT_TARGET = 14.5;
				MTL_ENABLE_DEBUG_INFO = NO;
				MTL_FAST_MATH = YES;
				SDKROOT = iphoneos;
				SWIFT_COMPILATION_MODE = wholemodule;
				SWIFT_OPTIMIZATION_LEVEL = "-O";
				VALIDATE_PRODUCT = YES;
			};
			name = Release;
		};
		5D626A2326DA621A0022495B /* Debug */ = {
			isa = XCBuildConfiguration;
			baseConfigurationReference = A640A0117E5684877E316317 /* Pods-ToDoListRealm.debug.xcconfig */;
			buildSettings = {
				ASSETCATALOG_COMPILER_APPICON_NAME = AppIcon;
				ASSETCATALOG_COMPILER_GLOBAL_ACCENT_COLOR_NAME = AccentColor;
				CODE_SIGN_STYLE = Automatic;
				DEVELOPMENT_TEAM = GQ68AAHFB4;
				INFOPLIST_FILE = ToDoListRealm/Info.plist;
				LD_RUNPATH_SEARCH_PATHS = (
					"$(inherited)",
					"@executable_path/Frameworks",
				);
				PRODUCT_BUNDLE_IDENTIFIER = "Tatiana-Dmitrieva.ToDoListRealm";
				PRODUCT_NAME = "$(TARGET_NAME)";
				SWIFT_VERSION = 5.0;
				TARGETED_DEVICE_FAMILY = "1,2";
			};
			name = Debug;
		};
		5D626A2426DA621A0022495B /* Release */ = {
			isa = XCBuildConfiguration;
			baseConfigurationReference = 608D65469930B3655F872812 /* Pods-ToDoListRealm.release.xcconfig */;
			buildSettings = {
				ASSETCATALOG_COMPILER_APPICON_NAME = AppIcon;
				ASSETCATALOG_COMPILER_GLOBAL_ACCENT_COLOR_NAME = AccentColor;
				CODE_SIGN_STYLE = Automatic;
				DEVELOPMENT_TEAM = GQ68AAHFB4;
				INFOPLIST_FILE = ToDoListRealm/Info.plist;
				LD_RUNPATH_SEARCH_PATHS = (
					"$(inherited)",
					"@executable_path/Frameworks",
				);
				PRODUCT_BUNDLE_IDENTIFIER = "Tatiana-Dmitrieva.ToDoListRealm";
				PRODUCT_NAME = "$(TARGET_NAME)";
				SWIFT_VERSION = 5.0;
				TARGETED_DEVICE_FAMILY = "1,2";
			};
			name = Release;
		};
/* End XCBuildConfiguration section */

/* Begin XCConfigurationList section */
		5D626A0926DA62190022495B /* Build configuration list for PBXProject "ToDoListRealm" */ = {
			isa = XCConfigurationList;
			buildConfigurations = (
				5D626A2026DA621A0022495B /* Debug */,
				5D626A2126DA621A0022495B /* Release */,
			);
			defaultConfigurationIsVisible = 0;
			defaultConfigurationName = Release;
		};
		5D626A2226DA621A0022495B /* Build configuration list for PBXNativeTarget "ToDoListRealm" */ = {
			isa = XCConfigurationList;
			buildConfigurations = (
				5D626A2326DA621A0022495B /* Debug */,
				5D626A2426DA621A0022495B /* Release */,
			);
			defaultConfigurationIsVisible = 0;
			defaultConfigurationName = Release;
		};
/* End XCConfigurationList section */
	};
	rootObject = 5D626A0626DA62190022495B /* Project object */;
}
